
Microsoft Visual Studio Solution File, Format Version 12.00
# Visual Studio 15
VisualStudioVersion = 15.0.27004.2010
MinimumVisualStudioVersion = 10.0.40219.1
Project("{2150E333-8FDC-42A3-9474-1A3956D46DE8}") = "Solution Items", "Solution Items", "{711B4030-9021-4CE0-873D-132DC126EFFD}"
	ProjectSection(SolutionItems) = preProject
		CS-MVC-ASP.NET-Core-Identity-Exercises-RX01.doc = CS-MVC-ASP.NET-Core-Identity-Exercises-RX01.doc
	EndProjectSection
EndProject
Project("{9A19103F-16F7-4668-BE54-9A1E7A4F7556}") = "LearningSystem.Web", "LearningSystem.Web\LearningSystem.Web.csproj", "{5E4C0E79-BBF7-401A-A245-971B87EAB5A8}"
EndProject
Project("{9A19103F-16F7-4668-BE54-9A1E7A4F7556}") = "LearningSystem.Data", "LearningSystem.Data\LearningSystem.Data.csproj", "{D640A43C-88F4-45D6-8D3F-FF87D672B91E}"
EndProject
Project("{9A19103F-16F7-4668-BE54-9A1E7A4F7556}") = "LearningSystem.Services", "LearningSystem.Services\LearningSystem.Services.csproj", "{D773B382-8F40-4E77-9F86-0ADC0D17371A}"
EndProject
Project("{FAE04EC0-301F-11D3-BF4B-00C04F79EFBC}") = "LearningSystem.Common", "LearningSystem.Common\LearningSystem.Common.csproj", "{79A7F926-1C1C-4B59-8E44-ACBED3724A73}"
EndProject
Global
	GlobalSection(SolutionConfigurationPlatforms) = preSolution
		Debug|Any CPU = Debug|Any CPU
		Release|Any CPU = Release|Any CPU
	EndGlobalSection
	GlobalSection(ProjectConfigurationPlatforms) = postSolution
		{5E4C0E79-BBF7-401A-A245-971B87EAB5A8}.Debug|Any CPU.ActiveCfg = Debug|Any CPU
		{5E4C0E79-BBF7-401A-A245-971B87EAB5A8}.Debug|Any CPU.Build.0 = Debug|Any CPU
		{5E4C0E79-BBF7-401A-A245-971B87EAB5A8}.Release|Any CPU.ActiveCfg = Release|Any CPU
		{5E4C0E79-BBF7-401A-A245-971B87EAB5A8}.Release|Any CPU.Build.0 = Release|Any CPU
		{D640A43C-88F4-45D6-8D3F-FF87D672B91E}.Debug|Any CPU.ActiveCfg = Debug|Any CPU
		{D640A43C-88F4-45D6-8D3F-FF87D672B91E}.Debug|Any CPU.Build.0 = Debug|Any CPU
		{D640A43C-88F4-45D6-8D3F-FF87D672B91E}.Release|Any CPU.ActiveCfg = Release|Any CPU
		{D640A43C-88F4-45D6-8D3F-FF87D672B91E}.Release|Any CPU.Build.0 = Release|Any CPU
		{D773B382-8F40-4E77-9F86-0ADC0D17371A}.Debug|Any CPU.ActiveCfg = Debug|Any CPU
		{D773B382-8F40-4E77-9F86-0ADC0D17371A}.Debug|Any CPU.Build.0 = Debug|Any CPU
		{D773B382-8F40-4E77-9F86-0ADC0D17371A}.Release|Any CPU.ActiveCfg = Release|Any CPU
		{D773B382-8F40-4E77-9F86-0ADC0D17371A}.Release|Any CPU.Build.0 = Release|Any CPU
		{79A7F926-1C1C-4B59-8E44-ACBED3724A73}.Debug|Any CPU.ActiveCfg = Debug|Any CPU
		{79A7F926-1C1C-4B59-8E44-ACBED3724A73}.Debug|Any CPU.Build.0 = Debug|Any CPU
		{79A7F926-1C1C-4B59-8E44-ACBED3724A73}.Release|Any CPU.ActiveCfg = Release|Any CPU
		{79A7F926-1C1C-4B59-8E44-ACBED3724A73}.Release|Any CPU.Build.0 = Release|Any CPU
	EndGlobalSection
	GlobalSection(SolutionProperties) = preSolution
		HideSolutionNode = FALSE
	EndGlobalSection
	GlobalSection(ExtensibilityGlobals) = postSolution
		SolutionGuid = {9260EA8D-12DF-4877-950E-675BBCD8C48C}
	EndGlobalSection
EndGlobal
